
Microsoft Visual Studio Solution File, Format Version 12.00
# Visual Studio Version 16
VisualStudioVersion = 16.0.29806.167
MinimumVisualStudioVersion = 10.0.40219.1
Project("{FAE04EC0-301F-11D3-BF4B-00C04F79EFBC}") = "TestBlankApp.Android", "TestBlankApp.Android\TestBlankApp.Android.csproj", "{35ED1863-15C2-49DD-9E6B-6CFD44D1F3B3}"
EndProject
Project("{FAE04EC0-301F-11D3-BF4B-00C04F79EFBC}") = "TestBlankApp.iOS", "TestBlankApp.iOS\TestBlankApp.iOS.csproj", "{D06D3C90-7D7E-4474-9CDA-8B133E445B5B}"
EndProject
Project("{9A19103F-16F7-4668-BE54-9A1E7A4F7556}") = "TestBlankApp", "TestBlankApp\TestBlankApp.csproj", "{92BC2440-C51A-41D0-A871-C474837198D4}"
EndProject
Global
	GlobalSection(SolutionConfigurationPlatforms) = preSolution
		Debug|Any CPU = Debug|Any CPU
		Debug|iPhone = Debug|iPhone
		Debug|iPhoneSimulator = Debug|iPhoneSimulator
		Release|Any CPU = Release|Any CPU
		Release|iPhone = Release|iPhone
		Release|iPhoneSimulator = Release|iPhoneSimulator
	EndGlobalSection
	GlobalSection(ProjectConfigurationPlatforms) = postSolution
		{35ED1863-15C2-49DD-9E6B-6CFD44D1F3B3}.Debug|Any CPU.ActiveCfg = Debug|Any CPU
		{35ED1863-15C2-49DD-9E6B-6CFD44D1F3B3}.Debug|Any CPU.Build.0 = Debug|Any CPU
		{35ED1863-15C2-49DD-9E6B-6CFD44D1F3B3}.Debug|Any CPU.Deploy.0 = Debug|Any CPU
		{35ED1863-15C2-49DD-9E6B-6CFD44D1F3B3}.Debug|iPhone.ActiveCfg = Debug|Any CPU
		{35ED1863-15C2-49DD-9E6B-6CFD44D1F3B3}.Debug|iPhone.Build.0 = Debug|Any CPU
		{35ED1863-15C2-49DD-9E6B-6CFD44D1F3B3}.Debug|iPhone.Deploy.0 = Debug|Any CPU
		{35ED1863-15C2-49DD-9E6B-6CFD44D1F3B3}.Debug|iPhoneSimulator.ActiveCfg = Debug|Any CPU
		{35ED1863-15C2-49DD-9E6B-6CFD44D1F3B3}.Debug|iPhoneSimulator.Build.0 = Debug|Any CPU
		{35ED1863-15C2-49DD-9E6B-6CFD44D1F3B3}.Debug|iPhoneSimulator.Deploy.0 = Debug|Any CPU
		{35ED1863-15C2-49DD-9E6B-6CFD44D1F3B3}.Release|Any CPU.ActiveCfg = Release|Any CPU
		{35ED1863-15C2-49DD-9E6B-6CFD44D1F3B3}.Release|Any CPU.Build.0 = Release|Any CPU
		{35ED1863-15C2-49DD-9E6B-6CFD44D1F3B3}.Release|Any CPU.Deploy.0 = Release|Any CPU
		{35ED1863-15C2-49DD-9E6B-6CFD44D1F3B3}.Release|iPhone.ActiveCfg = Release|Any CPU
		{35ED1863-15C2-49DD-9E6B-6CFD44D1F3B3}.Release|iPhone.Build.0 = Release|Any CPU
		{35ED1863-15C2-49DD-9E6B-6CFD44D1F3B3}.Release|iPhone.Deploy.0 = Release|Any CPU
		{35ED1863-15C2-49DD-9E6B-6CFD44D1F3B3}.Release|iPhoneSimulator.ActiveCfg = Release|Any CPU
		{35ED1863-15C2-49DD-9E6B-6CFD44D1F3B3}.Release|iPhoneSimulator.Build.0 = Release|Any CPU
		{35ED1863-15C2-49DD-9E6B-6CFD44D1F3B3}.Release|iPhoneSimulator.Deploy.0 = Release|Any CPU
		{D06D3C90-7D7E-4474-9CDA-8B133E445B5B}.Debug|Any CPU.ActiveCfg = Debug|iPhoneSimulator
		{D06D3C90-7D7E-4474-9CDA-8B133E445B5B}.Debug|Any CPU.Build.0 = Debug|iPhoneSimulator
		{D06D3C90-7D7E-4474-9CDA-8B133E445B5B}.Debug|Any CPU.Deploy.0 = Debug|iPhoneSimulator
		{D06D3C90-7D7E-4474-9CDA-8B133E445B5B}.Debug|iPhone.ActiveCfg = Debug|iPhone
		{D06D3C90-7D7E-4474-9CDA-8B133E445B5B}.Debug|iPhone.Build.0 = Debug|iPhone
		{D06D3C90-7D7E-4474-9CDA-8B133E445B5B}.Debug|iPhone.Deploy.0 = Debug|iPhone
		{D06D3C90-7D7E-4474-9CDA-8B133E445B5B}.Debug|iPhoneSimulator.ActiveCfg = Debug|iPhoneSimulator
		{D06D3C90-7D7E-4474-9CDA-8B133E445B5B}.Debug|iPhoneSimulator.Build.0 = Debug|iPhoneSimulator
		{D06D3C90-7D7E-4474-9CDA-8B133E445B5B}.Debug|iPhoneSimulator.Deploy.0 = Debug|iPhoneSimulator
		{D06D3C90-7D7E-4474-9CDA-8B133E445B5B}.Release|Any CPU.ActiveCfg = Release|iPhone
		{D06D3C90-7D7E-4474-9CDA-8B133E445B5B}.Release|Any CPU.Build.0 = Release|iPhone
		{D06D3C90-7D7E-4474-9CDA-8B133E445B5B}.Release|Any CPU.Deploy.0 = Release|iPhone
		{D06D3C90-7D7E-4474-9CDA-8B133E445B5B}.Release|iPhone.ActiveCfg = Release|iPhone
		{D06D3C90-7D7E-4474-9CDA-8B133E445B5B}.Release|iPhone.Build.0 = Release|iPhone
		{D06D3C90-7D7E-4474-9CDA-8B133E445B5B}.Release|iPhone.Deploy.0 = Release|iPhone
		{D06D3C90-7D7E-4474-9CDA-8B133E445B5B}.Release|iPhoneSimulator.ActiveCfg = Release|iPhoneSimulator
		{D06D3C90-7D7E-4474-9CDA-8B133E445B5B}.Release|iPhoneSimulator.Build.0 = Release|iPhoneSimulator
		{D06D3C90-7D7E-4474-9CDA-8B133E445B5B}.Release|iPhoneSimulator.Deploy.0 = Release|iPhoneSimulator
		{92BC2440-C51A-41D0-A871-C474837198D4}.Debug|Any CPU.ActiveCfg = Debug|Any CPU
		{92BC2440-C51A-41D0-A871-C474837198D4}.Debug|Any CPU.Build.0 = Debug|Any CPU
		{92BC2440-C51A-41D0-A871-C474837198D4}.Debug|Any CPU.Deploy.0 = Debug|Any CPU
		{92BC2440-C51A-41D0-A871-C474837198D4}.Debug|iPhone.ActiveCfg = Debug|Any CPU
		{92BC2440-C51A-41D0-A871-C474837198D4}.Debug|iPhone.Build.0 = Debug|Any CPU
		{92BC2440-C51A-41D0-A871-C474837198D4}.Debug|iPhone.Deploy.0 = Debug|Any CPU
		{92BC2440-C51A-41D0-A871-C474837198D4}.Debug|iPhoneSimulator.ActiveCfg = Debug|Any CPU
		{92BC2440-C51A-41D0-A871-C474837198D4}.Debug|iPhoneSimulator.Build.0 = Debug|Any CPU
		{92BC2440-C51A-41D0-A871-C474837198D4}.Debug|iPhoneSimulator.Deploy.0 = Debug|Any CPU
		{92BC2440-C51A-41D0-A871-C474837198D4}.Release|Any CPU.ActiveCfg = Release|Any CPU
		{92BC2440-C51A-41D0-A871-C474837198D4}.Release|Any CPU.Build.0 = Release|Any CPU
		{92BC2440-C51A-41D0-A871-C474837198D4}.Release|Any CPU.Deploy.0 = Release|Any CPU
		{92BC2440-C51A-41D0-A871-C474837198D4}.Release|iPhone.ActiveCfg = Release|Any CPU
		{92BC2440-C51A-41D0-A871-C474837198D4}.Release|iPhone.Build.0 = Release|Any CPU
		{92BC2440-C51A-41D0-A871-C474837198D4}.Release|iPhone.Deploy.0 = Release|Any CPU
		{92BC2440-C51A-41D0-A871-C474837198D4}.Release|iPhoneSimulator.ActiveCfg = Release|Any CPU
		{92BC2440-C51A-41D0-A871-C474837198D4}.Release|iPhoneSimulator.Build.0 = Release|Any CPU
		{92BC2440-C51A-41D0-A871-C474837198D4}.Release|iPhoneSimulator.Deploy.0 = Release|Any CPU
	EndGlobalSection
	GlobalSection(SolutionProperties) = preSolution
		HideSolutionNode = FALSE
	EndGlobalSection
	GlobalSection(ExtensibilityGlobals) = postSolution
		SolutionGuid = {FA51AEF8-8DEC-4024-8BE8-3A885553AB4E}
	EndGlobalSection
EndGlobal
